Microsoft Visual Studio Solution File, Format Version 12.00
# Visual Studio Version 17
VisualStudioVersion = 17.5.2.0
MinimumVisualStudioVersion = 10.0.40219.1
Project("{FAE04EC0-301F-11D3-BF4B-00C04F79EFBC}") = "GatherlyAPIv0.0.1", "GatherlyAPIv0.0.1.csproj", "{B299F9CF-9D52-9A6B-958F-D3A66ADA9EBD}"
EndProject
Global
	GlobalSection(SolutionConfigurationPlatforms) = preSolution
		Debug|Any CPU = Debug|Any CPU
		Release|Any CPU = Release|Any CPU
	EndGlobalSection
	GlobalSection(ProjectConfigurationPlatforms) = postSolution
		{B299F9CF-9D52-9A6B-958F-D3A66ADA9EBD}.Debug|Any CPU.ActiveCfg = Debug|Any CPU
		{B299F9CF-9D52-9A6B-958F-D3A66ADA9EBD}.Debug|Any CPU.Build.0 = Debug|Any CPU
		{B299F9CF-9D52-9A6B-958F-D3A66ADA9EBD}.Release|Any CPU.ActiveCfg = Release|Any CPU
		{B299F9CF-9D52-9A6B-958F-D3A66ADA9EBD}.Release|Any CPU.Build.0 = Release|Any CPU
	EndGlobalSection
	GlobalSection(SolutionProperties) = preSolution
		HideSolutionNode = FALSE
	EndGlobalSection
	GlobalSection(ExtensibilityGlobals) = postSolution
		SolutionGuid = {135BE2DF-694B-4A79-A6EC-4A5E71B7259E}
	EndGlobalSection
EndGlobal
